
Microsoft Visual Studio Solution File, Format Version 12.00
# Visual Studio Version 17
VisualStudioVersion = 17.7.34302.85
MinimumVisualStudioVersion = 10.0.40219.1
Project("{FAE04EC0-301F-11D3-BF4B-00C04F79EFBC}") = "ActivoFijo", "ActivoFijo\ActivoFijo.csproj", "{FCC1DAE9-8F72-4D66-9B6D-47B452BC5806}"
EndProject
Project("{FAE04EC0-301F-11D3-BF4B-00C04F79EFBC}") = "CapaPrecentacionEquipos", "CapaPrecentacionEquipos\CapaPrecentacionEquipos.csproj", "{C766BCDD-5A02-457B-8123-36CD4DF19A15}"
EndProject
Global
	GlobalSection(SolutionConfigurationPlatforms) = preSolution
		Debug|Any CPU = Debug|Any CPU
		Release|Any CPU = Release|Any CPU
	EndGlobalSection
	GlobalSection(ProjectConfigurationPlatforms) = postSolution
		{FCC1DAE9-8F72-4D66-9B6D-47B452BC5806}.Debug|Any CPU.ActiveCfg = Debug|Any CPU
		{FCC1DAE9-8F72-4D66-9B6D-47B452BC5806}.Debug|Any CPU.Build.0 = Debug|Any CPU
		{FCC1DAE9-8F72-4D66-9B6D-47B452BC5806}.Release|Any CPU.ActiveCfg = Release|Any CPU
		{FCC1DAE9-8F72-4D66-9B6D-47B452BC5806}.Release|Any CPU.Build.0 = Release|Any CPU
		{C766BCDD-5A02-457B-8123-36CD4DF19A15}.Debug|Any CPU.ActiveCfg = Debug|Any CPU
		{C766BCDD-5A02-457B-8123-36CD4DF19A15}.Debug|Any CPU.Build.0 = Debug|Any CPU
		{C766BCDD-5A02-457B-8123-36CD4DF19A15}.Release|Any CPU.ActiveCfg = Release|Any CPU
		{C766BCDD-5A02-457B-8123-36CD4DF19A15}.Release|Any CPU.Build.0 = Release|Any CPU
	EndGlobalSection
	GlobalSection(SolutionProperties) = preSolution
		HideSolutionNode = FALSE
	EndGlobalSection
	GlobalSection(ExtensibilityGlobals) = postSolution
		SolutionGuid = {A57AD0B5-EB2C-4374-97EF-7D3EC8EB1EC2}
	EndGlobalSection
EndGlobal
